requests==2.22.0
beautifulsoup4==4.8.0
Unidecode==1.1.1
boxsdk==2.5.0
stem==1.7.1
fake-useragent==0.1.11
## The following requirements were added by pip freeze:
asn1crypto==0.24.0
attrs==19.1.0
certifi==2019.6.16
cffi==1.12.3
chardet==3.0.4
cryptography==2.7
idna==2.8
pycparser==2.19
PyJWT==1.7.1
pyOpenSSL==19.0.0
PySocks==1.7.0
requests-toolbelt==0.9.1
six==1.12.0
soupsieve==1.9.3
urllib3==1.25.3
wrapt==1.11.2
